
Microsoft Visual Studio Solution File, Format Version 12.00
# Visual Studio Version 16
VisualStudioVersion = 16.0.30717.126
MinimumVisualStudioVersion = 10.0.40219.1
Project("{FAE04EC0-301F-11D3-BF4B-00C04F79EFBC}") = "CloudToolkit", "CloudToolkit\CloudToolkit.csproj", "{8D354AD4-E62D-4581-BDB5-F11B802683AB}"
EndProject
Global
	GlobalSection(SolutionConfigurationPlatforms) = preSolution
		Debug|Any CPU = Debug|Any CPU
		Release|Any CPU = Release|Any CPU
	EndGlobalSection
	GlobalSection(ProjectConfigurationPlatforms) = postSolution
		{8D354AD4-E62D-4581-BDB5-F11B802683AB}.Debug|Any CPU.ActiveCfg = Debug|Any CPU
		{8D354AD4-E62D-4581-BDB5-F11B802683AB}.Debug|Any CPU.Build.0 = Debug|Any CPU
		{8D354AD4-E62D-4581-BDB5-F11B802683AB}.Release|Any CPU.ActiveCfg = Release|Any CPU
		{8D354AD4-E62D-4581-BDB5-F11B802683AB}.Release|Any CPU.Build.0 = Release|Any CPU
	EndGlobalSection
	GlobalSection(SolutionProperties) = preSolution
		HideSolutionNode = FALSE
	EndGlobalSection
	GlobalSection(ExtensibilityGlobals) = postSolution
		SolutionGuid = {F2DB989F-3A11-4F80-B08E-F4FB560AF8A3}
	EndGlobalSection
EndGlobal
